
Microsoft Visual Studio Solution File, Format Version 12.00
# Visual Studio Version 17
VisualStudioVersion = 17.1.32414.318
MinimumVisualStudioVersion = 10.0.40219.1
Project("{9A19103F-16F7-4668-BE54-9A1E7A4F7556}") = "Crowdin.Translations.Web", "src\Crowdin.Translations.Web\Crowdin.Translations.Web.csproj", "{AB08DE42-9D63-4DA8-96A9-253B40688A36}"
EndProject
Project("{FAE04EC0-301F-11D3-BF4B-00C04F79EFBC}") = "Crowdin.Translations.Localization", "src\Crowdin.Translations.Localization\Crowdin.Translations.Localization.csproj", "{9D1106F8-6983-42EF-9016-DCDE9EAE51DB}"
EndProject
Global
	GlobalSection(SolutionConfigurationPlatforms) = preSolution
		Debug|Any CPU = Debug|Any CPU
		Release|Any CPU = Release|Any CPU
	EndGlobalSection
	GlobalSection(ProjectConfigurationPlatforms) = postSolution
		{AB08DE42-9D63-4DA8-96A9-253B40688A36}.Debug|Any CPU.ActiveCfg = Debug|Any CPU
		{AB08DE42-9D63-4DA8-96A9-253B40688A36}.Debug|Any CPU.Build.0 = Debug|Any CPU
		{AB08DE42-9D63-4DA8-96A9-253B40688A36}.Release|Any CPU.ActiveCfg = Release|Any CPU
		{AB08DE42-9D63-4DA8-96A9-253B40688A36}.Release|Any CPU.Build.0 = Release|Any CPU
		{9D1106F8-6983-42EF-9016-DCDE9EAE51DB}.Debug|Any CPU.ActiveCfg = Debug|Any CPU
		{9D1106F8-6983-42EF-9016-DCDE9EAE51DB}.Debug|Any CPU.Build.0 = Debug|Any CPU
		{9D1106F8-6983-42EF-9016-DCDE9EAE51DB}.Release|Any CPU.ActiveCfg = Release|Any CPU
		{9D1106F8-6983-42EF-9016-DCDE9EAE51DB}.Release|Any CPU.Build.0 = Release|Any CPU
	EndGlobalSection
	GlobalSection(SolutionProperties) = preSolution
		HideSolutionNode = FALSE
	EndGlobalSection
	GlobalSection(ExtensibilityGlobals) = postSolution
		SolutionGuid = {6BF83E59-14EF-4F2A-8088-7C40733204D3}
	EndGlobalSection
EndGlobal
